{
  "version": 4,
  "terraform_version": "1.0.0",
  "serial": 6,
  "lineage": "38b5810f-280a-fa39-c856-6f7018c9ecc6",
  "outputs": {},
  "resources": [
    {
      "module": "module.gke-cluster",
      "mode": "data",
      "type": "google_container_engine_versions",
      "name": "region",
      "provider": "provider[\"registry.terraform.io/hashicorp/google-beta\"]",
      "instances": [
        {
          "schema_version": 0,
          "attributes": {
            "default_cluster_version": "1.19.9-gke.1900",
            "id": "2021-07-17 12:26:25.820845 +0000 UTC",
            "latest_master_version": "1.20.8-gke.700",
            "latest_node_version": "1.20.8-gke.700",
            "location": "europe-west1",
            "project": "wam-shared-bootstrap-797e",
            "release_channel_default_version": {
              "RAPID": "1.20.7-gke.2200",
              "REGULAR": "1.19.9-gke.1900",
              "STABLE": "1.18.17-gke.1901"
            },
            "valid_master_versions": [
              "1.20.8-gke.700",
              "1.20.7-gke.2200",
              "1.20.7-gke.1800",
              "1.20.6-gke.1400",
              "1.20.6-gke.1000"
            ],
            "valid_node_versions": [
              "1.20.8-gke.700",
              "1.20.7-gke.2200",
              "1.20.7-gke.1800",
              "1.20.6-gke.1400",
              "1.20.6-gke.1000"
            ],
            "version_prefix": "1.20."
          },
          "sensitive_attributes": []
        }
      ]
    },
    {
      "module": "module.gke-cluster",
      "mode": "managed",
      "type": "google_container_cluster",
      "name": "gke_cluster",
      "provider": "provider[\"registry.terraform.io/hashicorp/google-beta\"]",
      "instances": [
        {
          "schema_version": 1,
          "attributes": {
            "addons_config": [
              {
                "cloudrun_config": [
                  {
                    "disabled": true,
                    "load_balancer_type": ""
                  }
                ],
                "config_connector_config": [
                  {
                    "enabled": false
                  }
                ],
                "dns_cache_config": [
                  {
                    "enabled": true
                  }
                ],
                "gce_persistent_disk_csi_driver_config": [
                  {
                    "enabled": true
                  }
                ],
                "horizontal_pod_autoscaling": [
                  {
                    "disabled": false
                  }
                ],
                "http_load_balancing": [
                  {
                    "disabled": false
                  }
                ],
                "istio_config": [
                  {
                    "auth": "",
                    "disabled": true
                  }
                ],
                "kalm_config": [
                  {
                    "enabled": false
                  }
                ],
                "network_policy_config": [
                  {
                    "disabled": true
                  }
                ]
              }
            ],
            "authenticator_groups_config": [
              {
                "security_group": "gke-security-groups@beninanutshell.com"
              }
            ],
            "cluster_autoscaling": [
              {
                "auto_provisioning_defaults": [
                  {
                    "min_cpu_platform": "Intel Cascade Lake",
                    "oauth_scopes": [
                      "https://www.googleapis.com/auth/cloud-platform"
                    ],
                    "service_account": "wam-sac-gke-demo@wam-shared-bootstrap-797e.iam.gserviceaccount.com"
                  }
                ],
                "autoscaling_profile": "OPTIMIZE_UTILIZATION",
                "enabled": true,
                "resource_limits": [
                  {
                    "maximum": 8,
                    "minimum": 2,
                    "resource_type": "cpu"
                  },
                  {
                    "maximum": 32,
                    "minimum": 8,
                    "resource_type": "memory"
                  }
                ]
              }
            ],
            "cluster_ipv4_cidr": "10.2.0.0/16",
            "cluster_telemetry": [
              {
                "type": "ENABLED"
              }
            ],
            "confidential_nodes": [],
            "database_encryption": [
              {
                "key_name": "",
                "state": "DECRYPTED"
              }
            ],
            "datapath_provider": "ADVANCED_DATAPATH",
            "default_max_pods_per_node": 110,
            "default_snat_status": [
              {
                "disabled": false
              }
            ],
            "description": "",
            "enable_autopilot": false,
            "enable_binary_authorization": false,
            "enable_intranode_visibility": true,
            "enable_kubernetes_alpha": false,
            "enable_l4_ilb_subsetting": false,
            "enable_legacy_abac": false,
            "enable_shielded_nodes": true,
            "enable_tpu": false,
            "endpoint": "34.77.27.243",
            "id": "projects/wam-shared-bootstrap-797e/locations/europe-west1/clusters/wam-kube-production",
            "initial_node_count": 0,
            "instance_group_urls": [],
            "ip_allocation_policy": [
              {
                "cluster_ipv4_cidr_block": "10.2.0.0/16",
                "cluster_secondary_range_name": "wam-bootstrap-vpc-sir-pods-gke",
                "services_ipv4_cidr_block": "10.3.0.0/16",
                "services_secondary_range_name": "wam-bootstrap-vpc-sir-svc-gke"
              }
            ],
            "label_fingerprint": "69751d6e",
            "location": "europe-west1",
            "logging_service": "logging.googleapis.com/kubernetes",
            "maintenance_policy": [
              {
                "daily_maintenance_window": [],
                "maintenance_exclusion": [
                  {
                    "end_time": "2022-01-20T22:00:00.00Z",
                    "exclusion_name": "new-year",
                    "start_time": "2021-12-31T22:00:00.00Z"
                  }
                ],
                "recurring_window": [
                  {
                    "end_time": "2020-05-22T02:00:00Z",
                    "recurrence": "FREQ=DAILY",
                    "start_time": "2020-05-21T22:00:00Z"
                  }
                ]
              }
            ],
            "master_auth": [
              {
                "client_certificate": "",
                "client_certificate_config": [
                  {
                    "issue_client_certificate": false
                  }
                ],
                "client_key": "",
                "cluster_ca_certificate": "LS0tLS1CRUdJTiBDRVJUSUZJQ0FURS0tLS0tCk1JSURLekNDQWhPZ0F3SUJBZ0lSQU9hQS9qS2pkOGhYUTVPdG54RlJlb0V3RFFZSktvWklodmNOQVFFTEJRQXcKTHpFdE1Dc0dBMVVFQXhNa01qUTNNVFUyWWpjdE1ERmtZUzAwWXpFMExUaGxOREF0TVRKbE16WmpPVFEzTnpBMgpNQjRYRFRJeE1EY3hOekV4TWpZeU4xb1hEVEkyTURjeE5qRXlNall5TjFvd0x6RXRNQ3NHQTFVRUF4TWtNalEzCk1UVTJZamN0TURGa1lTMDBZekUwTFRobE5EQXRNVEpsTXpaak9UUTNOekEyTUlJQklqQU5CZ2txaGtpRzl3MEIKQVFFRkFBT0NBUThBTUlJQkNnS0NBUUVBaThOOHNkTEhuRXBPL01ndktRMkVqRXJnamI0azYzQlp3UFY2RlFZSQova3dxbzFIeEFiQ081OHZsZFc3c1pWZldIWklwcXdqNGNWejhMZzg1MlgwanIyTlNwZW5ucUJCWWtDNE40M2FECkNkSWVHdURzckVyUFZkeVhobzVIMURvNEF1MXVoOHp5S0dNZndsU0VDRFNhOXJtZWRBVDI4a21BRFdMZlJzSi8KSS9Ca3J5Z0dyY3gxVE1xU2IyZUJkZXhYc3E5NWZWSHZFaXBRNUNzQkpGeFFSWklxQkJpVDNxdlcyMzE0ZWpuQQoyY3A1Unh2YWF5WGJud01mcWVwOVFGeTRDYVg2K2xreStmaU43aXQ0QXdPVWdWaEtwdFBsSDA0RGNlVERGVjVXCklhUWs3cDloazd5Q3pFS2FvZkxTZ0ZqTXNqZDJCSk1BU2dzdm9CSmJ4RDdxNFFJREFRQUJvMEl3UURBT0JnTlYKSFE4QkFmOEVCQU1DQWdRd0R3WURWUjBUQVFIL0JBVXdBd0VCL3pBZEJnTlZIUTRFRmdRVUdPTzNLb3VKL3l0QQpmRS96eU1HejZnKzhTblV3RFFZSktvWklodmNOQVFFTEJRQURnZ0VCQUFLbk1VeWhtV0MyVk50d21vdkpEaExpCkgveDZsYmJXZE5rT2hrYjk2bCtvcGUxZGJyZWpDTzRibVVsZ0NJaVIxRks1V2FtdUhpZUpQZGRTaCt2TFBUV2sKeW1CR0svOCtrbzdoTit2MU9LK0w5UXhBVmV4bUtad2s5N3B4c1dZYmZ6OFhzOFgwZjVwa3B4VEl3ZllJUDZUYQpOM0s1MDJRUHI2TXNaMU90S05reE9OT3BiL1k0VlVSYWZYWWJ1a2xnZzFMbUZxeDY4bXVnYmx1dGZpMjh4WUxxCnRtc2lEcFN1bXNnRkk2eVpoUGt2UitjZktSY2wyd2JWVDlSY0hGdFFRM0l5ckpBbVpZQ2dSRDUxSVB2RVAxT0UKb2E4N3BOZGhvL005YlkrSkV0aEwrOGZPN2plZFBzVU1HNTNCY1EzNjg0c0h6MWpHREowblBBZW55OWwxUWhnPQotLS0tLUVORCBDRVJUSUZJQ0FURS0tLS0tCg==",
                "password": "",
                "username": ""
              }
            ],
            "master_authorized_networks_config": [
              {
                "cidr_blocks": [
                  {
                    "cidr_block": "0.0.0.0/0",
                    "display_name": "open-world"
                  }
                ]
              }
            ],
            "master_version": "1.20.7-gke.1800",
            "min_master_version": "latest",
            "monitoring_service": "monitoring.googleapis.com/kubernetes",
            "name": "wam-kube-production",
            "network": "projects/wam-shared-bootstrap-797e/global/networks/wam-bootstrap-vpc",
            "network_policy": [
              {
                "enabled": false,
                "provider": "PROVIDER_UNSPECIFIED"
              }
            ],
            "networking_mode": "VPC_NATIVE",
            "node_config": [],
            "node_locations": [
              "europe-west1-b",
              "europe-west1-c",
              "europe-west1-d"
            ],
            "node_pool": [],
            "node_version": "1.20.7-gke.1800",
            "notification_config": [
              {
                "pubsub": [
                  {
                    "enabled": false,
                    "topic": ""
                  }
                ]
              }
            ],
            "operation": null,
            "pod_security_policy_config": [
              {
                "enabled": false
              }
            ],
            "private_cluster_config": [
              {
                "enable_private_endpoint": false,
                "enable_private_nodes": true,
                "master_global_access_config": [
                  {
                    "enabled": false
                  }
                ],
                "master_ipv4_cidr_block": "172.16.0.0/28",
                "peering_name": "gke-n46bc2c6f9fe1b9e09ec-c714-136b-peer",
                "private_endpoint": "172.16.0.2",
                "public_endpoint": "34.77.27.243"
              }
            ],
            "private_ipv6_google_access": "",
            "project": "wam-shared-bootstrap-797e",
            "release_channel": [
              {
                "channel": "REGULAR"
              }
            ],
            "remove_default_node_pool": true,
            "resource_labels": {
              "cluster-name": "wam-recherche-development",
              "region": "europe-west1"
            },
            "resource_usage_export_config": [],
            "self_link": "https://container.googleapis.com/v1beta1/projects/wam-shared-bootstrap-797e/locations/europe-west1/clusters/wam-kube-production",
            "services_ipv4_cidr": "10.3.0.0/16",
            "subnetwork": "projects/wam-shared-bootstrap-797e/regions/europe-west1/subnetworks/wam-bootstrap-subnet-gke",
            "timeouts": {
              "create": "25m",
              "delete": "25m",
              "read": null,
              "update": "25m"
            },
            "tpu_ipv4_cidr_block": "",
            "vertical_pod_autoscaling": [
              {
                "enabled": true
              }
            ],
            "workload_identity_config": [
              {
                "identity_namespace": "wam-shared-bootstrap-797e.svc.id.goog"
              }
            ]
          },
          "sensitive_attributes": [],
          "private": "eyJlMmJmYjczMC1lY2FhLTExZTYtOGY4OC0zNDM2M2JjN2M0YzAiOnsiY3JlYXRlIjoxNTAwMDAwMDAwMDAwLCJkZWxldGUiOjE1MDAwMDAwMDAwMDAsInJlYWQiOjI0MDAwMDAwMDAwMDAsInVwZGF0ZSI6MTUwMDAwMDAwMDAwMH0sInNjaGVtYV92ZXJzaW9uIjoiMSJ9"
        }
      ]
    },
    {
      "module": "module.gke-ndoe-pool",
      "mode": "managed",
      "type": "google_container_node_pool",
      "name": "node_pool",
      "provider": "provider[\"registry.terraform.io/hashicorp/google-beta\"]",
      "instances": [
        {
          "index_key": "general-purpose",
          "schema_version": 1,
          "attributes": {
            "autoscaling": [
              {
                "max_node_count": 10,
                "min_node_count": 1
              }
            ],
            "cluster": "wam-kube-production",
            "id": "projects/wam-shared-bootstrap-797e/locations/europe-west1/clusters/wam-kube-production/nodePools/general-pool",
            "initial_node_count": 1,
            "instance_group_urls": [
              "https://www.googleapis.com/compute/v1/projects/wam-shared-bootstrap-797e/zones/europe-west1-b/instanceGroupManagers/gke-wam-kube-production-general-pool-cc6cd983-grp",
              "https://www.googleapis.com/compute/v1/projects/wam-shared-bootstrap-797e/zones/europe-west1-d/instanceGroupManagers/gke-wam-kube-production-general-pool-15a2d1a7-grp",
              "https://www.googleapis.com/compute/v1/projects/wam-shared-bootstrap-797e/zones/europe-west1-c/instanceGroupManagers/gke-wam-kube-production-general-pool-61af5e60-grp"
            ],
            "location": "europe-west1",
            "management": [
              {
                "auto_repair": true,
                "auto_upgrade": true
              }
            ],
            "max_pods_per_node": 110,
            "name": "general-pool",
            "name_prefix": "",
            "node_config": [
              {
                "boot_disk_kms_key": "",
                "disk_size_gb": 50,
                "disk_type": "pd-ssd",
                "ephemeral_storage_config": [],
                "guest_accelerator": [],
                "image_type": "COS_CONTAINERD",
                "kubelet_config": [],
                "labels": {
                  "clusterName": "gke-test",
                  "region": "europe-west1",
                  "workloadType": "general-purpose"
                },
                "linux_node_config": [],
                "local_ssd_count": 0,
                "machine_type": "n2-standard-2",
                "metadata": {
                  "disable-legacy-endpoints": "true"
                },
                "min_cpu_platform": "Intel Cascade Lake",
                "oauth_scopes": [
                  "https://www.googleapis.com/auth/cloud-platform"
                ],
                "preemptible": false,
                "sandbox_config": [],
                "service_account": "wam-sac-gke-demo@wam-shared-bootstrap-797e.iam.gserviceaccount.com",
                "shielded_instance_config": [
                  {
                    "enable_integrity_monitoring": true,
                    "enable_secure_boot": true
                  }
                ],
                "tags": [],
                "taint": [],
                "workload_metadata_config": [
                  {
                    "node_metadata": "GKE_METADATA_SERVER"
                  }
                ]
              }
            ],
            "node_count": 1,
            "node_locations": [
              "europe-west1-b",
              "europe-west1-c",
              "europe-west1-d"
            ],
            "operation": null,
            "project": "wam-shared-bootstrap-797e",
            "timeouts": {
              "create": "25m",
              "delete": "25m",
              "update": "25m"
            },
            "upgrade_settings": [
              {
                "max_surge": 1,
                "max_unavailable": 0
              }
            ],
            "version": "1.20.7-gke.1800"
          },
          "sensitive_attributes": [],
          "private": "eyJlMmJmYjczMC1lY2FhLTExZTYtOGY4OC0zNDM2M2JjN2M0YzAiOnsiY3JlYXRlIjoxNTAwMDAwMDAwMDAwLCJkZWxldGUiOjE1MDAwMDAwMDAwMDAsInVwZGF0ZSI6MTUwMDAwMDAwMDAwMH0sInNjaGVtYV92ZXJzaW9uIjoiMSJ9",
          "dependencies": [
            "module.gke-cluster.data.google_container_engine_versions.region",
            "module.gke-cluster.google_container_cluster.gke_cluster"
          ]
        }
      ]
    }
  ]
}
